
Microsoft Visual Studio Solution File, Format Version 12.00
# Visual Studio Version 17
VisualStudioVersion = 17.5.33530.505
MinimumVisualStudioVersion = 10.0.40219.1
Project("{9A19103F-16F7-4668-BE54-9A1E7A4F7556}") = "RabbitAPI", "RabbitAPI\RabbitAPI.csproj", "{08266A6F-C900-4866-8674-4A853829DC4B}"
EndProject
Project("{FAE04EC0-301F-11D3-BF4B-00C04F79EFBC}") = "RekrutacjaLib", "RekrutacjaLib\RekrutacjaLib.csproj", "{C82F1546-573E-4F70-AEA6-8DB1ACF38DD3}"
EndProject
Project("{FAE04EC0-301F-11D3-BF4B-00C04F79EFBC}") = "EmailSender", "EmailSender\EmailSender.csproj", "{78D144AD-CEB9-4365-9948-24F2077E0514}"
EndProject
Global
	GlobalSection(SolutionConfigurationPlatforms) = preSolution
		Debug|Any CPU = Debug|Any CPU
		Release|Any CPU = Release|Any CPU
	EndGlobalSection
	GlobalSection(ProjectConfigurationPlatforms) = postSolution
		{08266A6F-C900-4866-8674-4A853829DC4B}.Debug|Any CPU.ActiveCfg = Debug|Any CPU
		{08266A6F-C900-4866-8674-4A853829DC4B}.Debug|Any CPU.Build.0 = Debug|Any CPU
		{08266A6F-C900-4866-8674-4A853829DC4B}.Release|Any CPU.ActiveCfg = Release|Any CPU
		{08266A6F-C900-4866-8674-4A853829DC4B}.Release|Any CPU.Build.0 = Release|Any CPU
		{C82F1546-573E-4F70-AEA6-8DB1ACF38DD3}.Debug|Any CPU.ActiveCfg = Debug|Any CPU
		{C82F1546-573E-4F70-AEA6-8DB1ACF38DD3}.Debug|Any CPU.Build.0 = Debug|Any CPU
		{C82F1546-573E-4F70-AEA6-8DB1ACF38DD3}.Release|Any CPU.ActiveCfg = Release|Any CPU
		{C82F1546-573E-4F70-AEA6-8DB1ACF38DD3}.Release|Any CPU.Build.0 = Release|Any CPU
		{78D144AD-CEB9-4365-9948-24F2077E0514}.Debug|Any CPU.ActiveCfg = Debug|Any CPU
		{78D144AD-CEB9-4365-9948-24F2077E0514}.Debug|Any CPU.Build.0 = Debug|Any CPU
		{78D144AD-CEB9-4365-9948-24F2077E0514}.Release|Any CPU.ActiveCfg = Release|Any CPU
		{78D144AD-CEB9-4365-9948-24F2077E0514}.Release|Any CPU.Build.0 = Release|Any CPU
	EndGlobalSection
	GlobalSection(SolutionProperties) = preSolution
		HideSolutionNode = FALSE
	EndGlobalSection
	GlobalSection(ExtensibilityGlobals) = postSolution
		SolutionGuid = {BAE6E057-D622-42C0-9E4F-8D219375B51B}
	EndGlobalSection
EndGlobal
